
Microsoft Visual Studio Solution File, Format Version 12.00
# Visual Studio Version 17
VisualStudioVersion = 17.9.34701.34
MinimumVisualStudioVersion = 10.0.40219.1
Project("{FAE04EC0-301F-11D3-BF4B-00C04F79EFBC}") = "Exemplo1C#", "Exemplo1C#\Exemplo1C#.csproj", "{7688752C-F23B-45BB-8F9E-0B053D753EEF}"
EndProject
Global
	GlobalSection(SolutionConfigurationPlatforms) = preSolution
		Debug|Any CPU = Debug|Any CPU
		Release|Any CPU = Release|Any CPU
	EndGlobalSection
	GlobalSection(ProjectConfigurationPlatforms) = postSolution
		{7688752C-F23B-45BB-8F9E-0B053D753EEF}.Debug|Any CPU.ActiveCfg = Debug|Any CPU
		{7688752C-F23B-45BB-8F9E-0B053D753EEF}.Debug|Any CPU.Build.0 = Debug|Any CPU
		{7688752C-F23B-45BB-8F9E-0B053D753EEF}.Release|Any CPU.ActiveCfg = Release|Any CPU
		{7688752C-F23B-45BB-8F9E-0B053D753EEF}.Release|Any CPU.Build.0 = Release|Any CPU
	EndGlobalSection
	GlobalSection(SolutionProperties) = preSolution
		HideSolutionNode = FALSE
	EndGlobalSection
	GlobalSection(ExtensibilityGlobals) = postSolution
		SolutionGuid = {C676D085-80AD-4FEC-9FCB-48A50CF62D85}
	EndGlobalSection
EndGlobal
