
Microsoft Visual Studio Solution File, Format Version 12.00
# Visual Studio Version 17
VisualStudioVersion = 17.9.34701.34
MinimumVisualStudioVersion = 10.0.40219.1
Project("{FAE04EC0-301F-11D3-BF4B-00C04F79EFBC}") = "Exemplo3C#", "Exemplo3C#\Exemplo3C#.csproj", "{67847A37-7A29-416C-9CA8-D2301F6F3DB5}"
EndProject
Global
	GlobalSection(SolutionConfigurationPlatforms) = preSolution
		Debug|Any CPU = Debug|Any CPU
		Release|Any CPU = Release|Any CPU
	EndGlobalSection
	GlobalSection(ProjectConfigurationPlatforms) = postSolution
		{67847A37-7A29-416C-9CA8-D2301F6F3DB5}.Debug|Any CPU.ActiveCfg = Debug|Any CPU
		{67847A37-7A29-416C-9CA8-D2301F6F3DB5}.Debug|Any CPU.Build.0 = Debug|Any CPU
		{67847A37-7A29-416C-9CA8-D2301F6F3DB5}.Release|Any CPU.ActiveCfg = Release|Any CPU
		{67847A37-7A29-416C-9CA8-D2301F6F3DB5}.Release|Any CPU.Build.0 = Release|Any CPU
	EndGlobalSection
	GlobalSection(SolutionProperties) = preSolution
		HideSolutionNode = FALSE
	EndGlobalSection
	GlobalSection(ExtensibilityGlobals) = postSolution
		SolutionGuid = {F6A6926E-3C52-4513-AD2D-B274988AA0F7}
	EndGlobalSection
EndGlobal
